
Microsoft Visual Studio Solution File, Format Version 12.00
# Visual Studio Version 17
VisualStudioVersion = 17.5.33414.496
MinimumVisualStudioVersion = 10.0.40219.1
Project("{8BC9CEB8-8B4A-11D0-8D11-00A0C91BC942}") = "test-git", "test-git\test-git.vcxproj", "{6D61F1EE-933D-44B9-9368-B1F2AB864CA0}"
EndProject
Global
	GlobalSection(SolutionConfigurationPlatforms) = preSolution
		Debug|x64 = Debug|x64
		Debug|x86 = Debug|x86
		Release|x64 = Release|x64
		Release|x86 = Release|x86
	EndGlobalSection
	GlobalSection(ProjectConfigurationPlatforms) = postSolution
		{6D61F1EE-933D-44B9-9368-B1F2AB864CA0}.Debug|x64.ActiveCfg = Debug|x64
		{6D61F1EE-933D-44B9-9368-B1F2AB864CA0}.Debug|x64.Build.0 = Debug|x64
		{6D61F1EE-933D-44B9-9368-B1F2AB864CA0}.Debug|x86.ActiveCfg = Debug|Win32
		{6D61F1EE-933D-44B9-9368-B1F2AB864CA0}.Debug|x86.Build.0 = Debug|Win32
		{6D61F1EE-933D-44B9-9368-B1F2AB864CA0}.Release|x64.ActiveCfg = Release|x64
		{6D61F1EE-933D-44B9-9368-B1F2AB864CA0}.Release|x64.Build.0 = Release|x64
		{6D61F1EE-933D-44B9-9368-B1F2AB864CA0}.Release|x86.ActiveCfg = Release|Win32
		{6D61F1EE-933D-44B9-9368-B1F2AB864CA0}.Release|x86.Build.0 = Release|Win32
	EndGlobalSection
	GlobalSection(SolutionProperties) = preSolution
		HideSolutionNode = FALSE
	EndGlobalSection
	GlobalSection(ExtensibilityGlobals) = postSolution
		SolutionGuid = {73E7203E-B8FD-45ED-976D-E285BE36948E}
	EndGlobalSection
EndGlobal
